// !$*UTF8*$!
{
	archiveVersion = 1;
	classes = {
	};
	objectVersion = 77;
	objects = {

/* Begin PBXBuildFile section */
		9DDC2B9F2ED0BAAD00E547AF /* Lottie in Frameworks */ = {isa = PBXBuildFile; productRef = 9DDC2B9E2ED0BAAD00E547AF /* Lottie */; };
/* End PBXBuildFile section */

/* Begin PBXContainerItemProxy section */
		9DDC2B7E2ED09CA100E547AF /* PBXContainerItemProxy */ = {
			isa = PBXContainerItemProxy;
			containerPortal = 9DDC2B682ED09CA000E547AF /* Project object */;
			proxyType = 1;
			remoteGlobalIDString = 9DDC2B6F2ED09CA000E547AF;
			remoteInfo = introFoundationsModle;
		};
		9DDC2B882ED09CA100E547AF /* PBXContainerItemProxy */ = {
			isa = PBXContainerItemProxy;
			containerPortal = 9DDC2B682ED09CA000E547AF /* Project object */;
			proxyType = 1;
			remoteGlobalIDString = 9DDC2B6F2ED09CA000E547AF;
			remoteInfo = introFoundationsModle;
		};
/* End PBXContainerItemProxy section */

/* Begin PBXFileReference section */
		9DDC2B702ED09CA000E547AF /* introFoundationsModle.app */ = {isa = PBXFileReference; explicitFileType = wrapper.application; includeInIndex = 0; path = introFoundationsModle.app; sourceTree = BUILT_PRODUCTS_DIR; };
		9DDC2B7D2ED09CA100E547AF /* introFoundationsModleTests.xctest */ = {isa = PBXFileReference; explicitFileType = wrapper.cfbundle; includeInIndex = 0; path = introFoundationsModleTests.xctest; sourceTree = BUILT_PRODUCTS_DIR; };
		9DDC2B872ED09CA100E547AF /* introFoundationsModleUITests.xctest */ = {isa = PBXFileReference; explicitFileType = wrapper.cfbundle; includeInIndex = 0; path = introFoundationsModleUITests.xctest; sourceTree = BUILT_PRODUCTS_DIR; };
/* End PBXFileReference section */

/* Begin PBXFileSystemSynchronizedRootGroup section */
		9DDC2B722ED09CA000E547AF /* introFoundationsModle */ = {
			isa = PBXFileSystemSynchronizedRootGroup;
			path = introFoundationsModle;
			sourceTree = "<group>";
		};
		9DDC2B802ED09CA100E547AF /* introFoundationsModleTests */ = {
			isa = PBXFileSystemSynchronizedRootGroup;
			path = introFoundationsModleTests;
			sourceTree = "<group>";
		};
		9DDC2B8A2ED09CA100E547AF /* introFoundationsModleUITests */ = {
			isa = PBXFileSystemSynchronizedRootGroup;
			path = introFoundationsModleUITests;
			sourceTree = "<group>";
		};
/* End PBXFileSystemSynchronizedRootGroup section */

/* Begin PBXFrameworksBuildPhase section */
		9DDC2B6D2ED09CA000E547AF /* Frameworks */ = {
			isa = PBXFrameworksBuildPhase;
			buildActionMask = 2147483647;
			files = (
				9DDC2B9F2ED0BAAD00E547AF /* Lottie in Frameworks */,
			);
			runOnlyForDeploymentPostprocessing = 0;
		};
		9DDC2B7A2ED09CA100E547AF /* Frameworks */ = {
			isa = PBXFrameworksBuildPhase;
			buildActionMask = 2147483647;
			files = (
			);
			runOnlyForDeploymentPostprocessing = 0;
		};
		9DDC2B842ED09CA100E547AF /* Frameworks */ = {
			isa = PBXFrameworksBuildPhase;
			buildActionMask = 2147483647;
			files = (
			);
			runOnlyForDeploymentPostprocessing = 0;
		};
/* End PBXFrameworksBuildPhase section */

/* Begin PBXGroup section */
		9DDC2B672ED09CA000E547AF = {
			isa = PBXGroup;
			children = (
				9DDC2B722ED09CA000E547AF /* introFoundationsModle */,
				9DDC2B802ED09CA100E547AF /* introFoundationsModleTests */,
				9DDC2B8A2ED09CA100E547AF /* introFoundationsModleUITests */,
				9DDC2B712ED09CA000E547AF /* Products */,
			);
			sourceTree = "<group>";
		};
		9DDC2B712ED09CA000E547AF /* Products */ = {
			isa = PBXGroup;
			children = (
				9DDC2B702ED09CA000E547AF /* introFoundationsModle.app */,
				9DDC2B7D2ED09CA100E547AF /* introFoundationsModleTests.xctest */,
				9DDC2B872ED09CA100E547AF /* introFoundationsModleUITests.xctest */,
			);
			name = Products;
			sourceTree = "<group>";
		};
/* End PBXGroup section */

/* Begin PBXNativeTarget section */
		9DDC2B6F2ED09CA000E547AF /* introFoundationsModle */ = {
			isa = PBXNativeTarget;
			buildConfigurationList = 9DDC2B912ED09CA100E547AF /* Build configuration list for PBXNativeTarget "introFoundationsModle" */;
			buildPhases = (
				9DDC2B6C2ED09CA000E547AF /* Sources */,
				9DDC2B6D2ED09CA000E547AF /* Frameworks */,
				9DDC2B6E2ED09CA000E547AF /* Resources */,
			);
			buildRules = (
			);
			dependencies = (
			);
			fileSystemSynchronizedGroups = (
				9DDC2B722ED09CA000E547AF /* introFoundationsModle */,
			);
			name = introFoundationsModle;
			packageProductDependencies = (
				9DDC2B9E2ED0BAAD00E547AF /* Lottie */,
			);
			productName = introFoundationsModle;
			productReference = 9DDC2B702ED09CA000E547AF /* introFoundationsModle.app */;
			productType = "com.apple.product-type.application";
		};
		9DDC2B7C2ED09CA100E547AF /* introFoundationsModleTests */ = {
			isa = PBXNativeTarget;
			buildConfigurationList = 9DDC2B942ED09CA100E547AF /* Build configuration list for PBXNativeTarget "introFoundationsModleTests" */;
			buildPhases = (
				9DDC2B792ED09CA100E547AF /* Sources */,
				9DDC2B7A2ED09CA100E547AF /* Frameworks */,
				9DDC2B7B2ED09CA100E547AF /* Resources */,
			);
			buildRules = (
			);
			dependencies = (
				9DDC2B7F2ED09CA100E547AF /* PBXTargetDependency */,
			);
			fileSystemSynchronizedGroups = (
				9DDC2B802ED09CA100E547AF /* introFoundationsModleTests */,
			);
			name = introFoundationsModleTests;
			packageProductDependencies = (
			);
			productName = introFoundationsModleTests;
			productReference = 9DDC2B7D2ED09CA100E547AF /* introFoundationsModleTests.xctest */;
			productType = "com.apple.product-type.bundle.unit-test";
		};
		9DDC2B862ED09CA100E547AF /* introFoundationsModleUITests */ = {
			isa = PBXNativeTarget;
			buildConfigurationList = 9DDC2B972ED09CA100E547AF /* Build configuration list for PBXNativeTarget "introFoundationsModleUITests" */;
			buildPhases = (
				9DDC2B832ED09CA100E547AF /* Sources */,
				9DDC2B842ED09CA100E547AF /* Frameworks */,
				9DDC2B852ED09CA100E547AF /* Resources */,
			);
			buildRules = (
			);
			dependencies = (
				9DDC2B892ED09CA100E547AF /* PBXTargetDependency */,
			);
			fileSystemSynchronizedGroups = (
				9DDC2B8A2ED09CA100E547AF /* introFoundationsModleUITests */,
			);
			name = introFoundationsModleUITests;
			packageProductDependencies = (
			);
			productName = introFoundationsModleUITests;
			productReference = 9DDC2B872ED09CA100E547AF /* introFoundationsModleUITests.xctest */;
			productType = "com.apple.product-type.bundle.ui-testing";
		};
/* End PBXNativeTarget section */

/* Begin PBXProject section */
		9DDC2B682ED09CA000E547AF /* Project object */ = {
			isa = PBXProject;
			attributes = {
				BuildIndependentTargetsInParallel = 1;
				LastSwiftUpdateCheck = 2600;
				LastUpgradeCheck = 2600;
				TargetAttributes = {
					9DDC2B6F2ED09CA000E547AF = {
						CreatedOnToolsVersion = 26.0.1;
					};
					9DDC2B7C2ED09CA100E547AF = {
						CreatedOnToolsVersion = 26.0.1;
						TestTargetID = 9DDC2B6F2ED09CA000E547AF;
					};
					9DDC2B862ED09CA100E547AF = {
						CreatedOnToolsVersion = 26.0.1;
						TestTargetID = 9DDC2B6F2ED09CA000E547AF;
					};
				};
			};
			buildConfigurationList = 9DDC2B6B2ED09CA000E547AF /* Build configuration list for PBXProject "introFoundationsModle" */;
			developmentRegion = en;
			hasScannedForEncodings = 0;
			knownRegions = (
				en,
				Base,
			);
			mainGroup = 9DDC2B672ED09CA000E547AF;
			minimizedProjectReferenceProxies = 1;
			packageReferences = (
				9DDC2B9D2ED0BAAD00E547AF /* XCRemoteSwiftPackageReference "lottie-ios" */,
			);
			preferredProjectObjectVersion = 77;
			productRefGroup = 9DDC2B712ED09CA000E547AF /* Products */;
			projectDirPath = "";
			projectRoot = "";
			targets = (
				9DDC2B6F2ED09CA000E547AF /* introFoundationsModle */,
				9DDC2B7C2ED09CA100E547AF /* introFoundationsModleTests */,
				9DDC2B862ED09CA100E547AF /* introFoundationsModleUITests */,
			);
		};
/* End PBXProject section */

/* Begin PBXResourcesBuildPhase section */
		9DDC2B6E2ED09CA000E547AF /* Resources */ = {
			isa = PBXResourcesBuildPhase;
			buildActionMask = 2147483647;
			files = (
			);
			runOnlyForDeploymentPostprocessing = 0;
		};
		9DDC2B7B2ED09CA100E547AF /* Resources */ = {
			isa = PBXResourcesBuildPhase;
			buildActionMask = 2147483647;
			files = (
			);
			runOnlyForDeploymentPostprocessing = 0;
		};
		9DDC2B852ED09CA100E547AF /* Resources */ = {
			isa = PBXResourcesBuildPhase;
			buildActionMask = 2147483647;
			files = (
			);
			runOnlyForDeploymentPostprocessing = 0;
		};
/* End PBXResourcesBuildPhase section */

/* Begin PBXSourcesBuildPhase section */
		9DDC2B6C2ED09CA000E547AF /* Sources */ = {
			isa = PBXSourcesBuildPhase;
			buildActionMask = 2147483647;
			files = (
			);
			runOnlyForDeploymentPostprocessing = 0;
		};
		9DDC2B792ED09CA100E547AF /* Sources */ = {
			isa = PBXSourcesBuildPhase;
			buildActionMask = 2147483647;
			files = (
			);
			runOnlyForDeploymentPostprocessing = 0;
		};
		9DDC2B832ED09CA100E547AF /* Sources */ = {
			isa = PBXSourcesBuildPhase;
			buildActionMask = 2147483647;
			files = (
			);
			runOnlyForDeploymentPostprocessing = 0;
		};
/* End PBXSourcesBuildPhase section */

/* Begin PBXTargetDependency section */
		9DDC2B7F2ED09CA100E547AF /* PBXTargetDependency */ = {
			isa = PBXTargetDependency;
			target = 9DDC2B6F2ED09CA000E547AF /* introFoundationsModle */;
			targetProxy = 9DDC2B7E2ED09CA100E547AF /* PBXContainerItemProxy */;
		};
		9DDC2B892ED09CA100E547AF /* PBXTargetDependency */ = {
			isa = PBXTargetDependency;
			target = 9DDC2B6F2ED09CA000E547AF /* introFoundationsModle */;
			targetProxy = 9DDC2B882ED09CA100E547AF /* PBXContainerItemProxy */;
		};
/* End PBXTargetDependency section */

/* Begin XCBuildConfiguration section */
		9DDC2B8F2ED09CA100E547AF /* Debug */ = {
			isa = XCBuildConfiguration;
			buildSettings = {
				ALWAYS_SEARCH_USER_PATHS = NO;
				ASSETCATALOG_COMPILER_GENERATE_SWIFT_ASSET_SYMBOL_EXTENSIONS = YES;
				CLANG_ANALYZER_NONNULL = YES;
				CLANG_ANALYZER_NUMBER_OBJECT_CONVERSION = YES_AGGRESSIVE;
				CLANG_CXX_LANGUAGE_STANDARD = "gnu++20";
				CLANG_ENABLE_MODULES = YES;
				CLANG_ENABLE_OBJC_ARC = YES;
				CLANG_ENABLE_OBJC_WEAK = YES;
				CLANG_WARN_BLOCK_CAPTURE_AUTORELEASING = YES;
				CLANG_WARN_BOOL_CONVERSION = YES;
				CLANG_WARN_COMMA = YES;
				CLANG_WARN_CONSTANT_CONVERSION = YES;
				CLANG_WARN_DEPRECATED_OBJC_IMPLEMENTATIONS = YES;
				CLANG_WARN_DIRECT_OBJC_ISA_USAGE = YES_ERROR;
				CLANG_WARN_DOCUMENTATION_COMMENTS = YES;
				CLANG_WARN_EMPTY_BODY = YES;
				CLANG_WARN_ENUM_CONVERSION = YES;
				CLANG_WARN_INFINITE_RECURSION = YES;
				CLANG_WARN_INT_CONVERSION = YES;
				CLANG_WARN_NON_LITERAL_NULL_CONVERSION = YES;
				CLANG_WARN_OBJC_IMPLICIT_RETAIN_SELF = YES;
				CLANG_WARN_OBJC_LITERAL_CONVERSION = YES;
				CLANG_WARN_OBJC_ROOT_CLASS = YES_ERROR;
				CLANG_WARN_QUOTED_INCLUDE_IN_FRAMEWORK_HEADER = YES;
				CLANG_WARN_RANGE_LOOP_ANALYSIS = YES;
				CLANG_WARN_STRICT_PROTOTYPES = YES;
				CLANG_WARN_SUSPICIOUS_MOVE = YES;
				CLANG_WARN_UNGUARDED_AVAILABILITY = YES_AGGRESSIVE;
				CLANG_WARN_UNREACHABLE_CODE = YES;
				CLANG_WARN__DUPLICATE_METHOD_MATCH = YES;
				COPY_PHASE_STRIP = NO;
				DEBUG_INFORMATION_FORMAT = dwarf;
				DEVELOPMENT_TEAM = 2A965J3JGT;
				ENABLE_STRICT_OBJC_MSGSEND = YES;
				ENABLE_TESTABILITY = YES;
				ENABLE_USER_SCRIPT_SANDBOXING = YES;
				GCC_C_LANGUAGE_STANDARD = gnu17;
				GCC_DYNAMIC_NO_PIC = NO;
				GCC_NO_COMMON_BLOCKS = YES;
				GCC_OPTIMIZATION_LEVEL = 0;
				GCC_PREPROCESSOR_DEFINITIONS = (
					"DEBUG=1",
					"$(inherited)",
				);
				GCC_WARN_64_TO_32_BIT_CONVERSION = YES;
				GCC_WARN_ABOUT_RETURN_TYPE = YES_ERROR;
				GCC_WARN_UNDECLARED_SELECTOR = YES;
				GCC_WARN_UNINITIALIZED_AUTOS = YES_AGGRESSIVE;
				GCC_WARN_UNUSED_FUNCTION = YES;
				GCC_WARN_UNUSED_VARIABLE = YES;
				LOCALIZATION_PREFERS_STRING_CATALOGS = YES;
				MTL_ENABLE_DEBUG_INFO = INCLUDE_SOURCE;
				MTL_FAST_MATH = YES;
				ONLY_ACTIVE_ARCH = YES;
				SWIFT_ACTIVE_COMPILATION_CONDITIONS = "DEBUG $(inherited)";
				SWIFT_OPTIMIZATION_LEVEL = "-Onone";
			};
			name = Debug;
		};
		9DDC2B902ED09CA100E547AF /* Release */ = {
			isa = XCBuildConfiguration;
			buildSettings = {
				ALWAYS_SEARCH_USER_PATHS = NO;
				ASSETCATALOG_COMPILER_GENERATE_SWIFT_ASSET_SYMBOL_EXTENSIONS = YES;
				CLANG_ANALYZER_NONNULL = YES;
				CLANG_ANALYZER_NUMBER_OBJECT_CONVERSION = YES_AGGRESSIVE;
				CLANG_CXX_LANGUAGE_STANDARD = "gnu++20";
				CLANG_ENABLE_MODULES = YES;
				CLANG_ENABLE_OBJC_ARC = YES;
				CLANG_ENABLE_OBJC_WEAK = YES;
				CLANG_WARN_BLOCK_CAPTURE_AUTORELEASING = YES;
				CLANG_WARN_BOOL_CONVERSION = YES;
				CLANG_WARN_COMMA = YES;
				CLANG_WARN_CONSTANT_CONVERSION = YES;
				CLANG_WARN_DEPRECATED_OBJC_IMPLEMENTATIONS = YES;
				CLANG_WARN_DIRECT_OBJC_ISA_USAGE = YES_ERROR;
				CLANG_WARN_DOCUMENTATION_COMMENTS = YES;
				CLANG_WARN_EMPTY_BODY = YES;
				CLANG_WARN_ENUM_CONVERSION = YES;
				CLANG_WARN_INFINITE_RECURSION = YES;
				CLANG_WARN_INT_CONVERSION = YES;
				CLANG_WARN_NON_LITERAL_NULL_CONVERSION = YES;
				CLANG_WARN_OBJC_IMPLICIT_RETAIN_SELF = YES;
				CLANG_WARN_OBJC_LITERAL_CONVERSION = YES;
				CLANG_WARN_OBJC_ROOT_CLASS = YES_ERROR;
				CLANG_WARN_QUOTED_INCLUDE_IN_FRAMEWORK_HEADER = YES;
				CLANG_WARN_RANGE_LOOP_ANALYSIS = YES;
				CLANG_WARN_STRICT_PROTOTYPES = YES;
				CLANG_WARN_SUSPICIOUS_MOVE = YES;
				CLANG_WARN_UNGUARDED_AVAILABILITY = YES_AGGRESSIVE;
				CLANG_WARN_UNREACHABLE_CODE = YES;
				CLANG_WARN__DUPLICATE_METHOD_MATCH = YES;
				COPY_PHASE_STRIP = NO;
				DEBUG_INFORMATION_FORMAT = "dwarf-with-dsym";
				DEVELOPMENT_TEAM = 2A965J3JGT;
				ENABLE_NS_ASSERTIONS = NO;
				ENABLE_STRICT_OBJC_MSGSEND = YES;
				ENABLE_USER_SCRIPT_SANDBOXING = YES;
				GCC_C_LANGUAGE_STANDARD = gnu17;
				GCC_NO_COMMON_BLOCKS = YES;
				GCC_WARN_64_TO_32_BIT_CONVERSION = YES;
				GCC_WARN_ABOUT_RETURN_TYPE = YES_ERROR;
				GCC_WARN_UNDECLARED_SELECTOR = YES;
				GCC_WARN_UNINITIALIZED_AUTOS = YES_AGGRESSIVE;
				GCC_WARN_UNUSED_FUNCTION = YES;
				GCC_WARN_UNUSED_VARIABLE = YES;
				LOCALIZATION_PREFERS_STRING_CATALOGS = YES;
				MTL_ENABLE_DEBUG_INFO = NO;
				MTL_FAST_MATH = YES;
				SWIFT_COMPILATION_MODE = wholemodule;
			};
			name = Release;
		};
		9DDC2B922ED09CA100E547AF /* Debug */ = {
			isa = XCBuildConfiguration;
			buildSettings = {
				ASSETCATALOG_COMPILER_APPICON_NAME = AppIcon;
				ASSETCATALOG_COMPILER_GLOBAL_ACCENT_COLOR_NAME = AccentColor;
				CODE_SIGN_STYLE = Automatic;
				CURRENT_PROJECT_VERSION = 1;
				DEVELOPMENT_TEAM = 2A965J3JGT;
				ENABLE_APP_SANDBOX = YES;
				ENABLE_HARDENED_RUNTIME = YES;
				ENABLE_PREVIEWS = YES;
				ENABLE_USER_SELECTED_FILES = readonly;
				GENERATE_INFOPLIST_FILE = YES;
				"INFOPLIST_KEY_UIApplicationSceneManifest_Generation[sdk=iphoneos*]" = YES;
				"INFOPLIST_KEY_UIApplicationSceneManifest_Generation[sdk=iphonesimulator*]" = YES;
				"INFOPLIST_KEY_UIApplicationSupportsIndirectInputEvents[sdk=iphoneos*]" = YES;
				"INFOPLIST_KEY_UIApplicationSupportsIndirectInputEvents[sdk=iphonesimulator*]" = YES;
				"INFOPLIST_KEY_UILaunchScreen_Generation[sdk=iphoneos*]" = YES;
				"INFOPLIST_KEY_UILaunchScreen_Generation[sdk=iphonesimulator*]" = YES;
				"INFOPLIST_KEY_UIStatusBarStyle[sdk=iphoneos*]" = UIStatusBarStyleDefault;
				"INFOPLIST_KEY_UIStatusBarStyle[sdk=iphonesimulator*]" = UIStatusBarStyleDefault;
				INFOPLIST_KEY_UISupportedInterfaceOrientations = UIInterfaceOrientationPortrait;
				IPHONEOS_DEPLOYMENT_TARGET = 26.0;
				LD_RUNPATH_SEARCH_PATHS = "@executable_path/Frameworks";
				"LD_RUNPATH_SEARCH_PATHS[sdk=macosx*]" = "@executable_path/../Frameworks";
				MACOSX_DEPLOYMENT_TARGET = 15.6;
				MARKETING_VERSION = 1.0;
				PRODUCT_BUNDLE_IDENTIFIER = name.MohamedKaid.introFoundationsModle;
				PRODUCT_NAME = "$(TARGET_NAME)";
				REGISTER_APP_GROUPS = YES;
				SDKROOT = auto;
				STRING_CATALOG_GENERATE_SYMBOLS = YES;
				SUPPORTED_PLATFORMS = "iphoneos iphonesimulator macosx xros xrsimulator";
				SWIFT_APPROACHABLE_CONCURRENCY = YES;
				SWIFT_DEFAULT_ACTOR_ISOLATION = MainActor;
				SWIFT_EMIT_LOC_STRINGS = YES;
				SWIFT_UPCOMING_FEATURE_MEMBER_IMPORT_VISIBILITY = YES;
				SWIFT_VERSION = 5.0;
				TARGETED_DEVICE_FAMILY = "1,2,7";
				XROS_DEPLOYMENT_TARGET = 26.0;
			};
			name = Debug;
		};
		9DDC2B932ED09CA100E547AF /* Release */ = {
			isa = XCBuildConfiguration;
			buildSettings = {
				ASSETCATALOG_COMPILER_APPICON_NAME = AppIcon;
				ASSETCATALOG_COMPILER_GLOBAL_ACCENT_COLOR_NAME = AccentColor;
				CODE_SIGN_STYLE = Automatic;
				CURRENT_PROJECT_VERSION = 1;
				DEVELOPMENT_TEAM = 2A965J3JGT;
				ENABLE_APP_SANDBOX = YES;
				ENABLE_HARDENED_RUNTIME = YES;
				ENABLE_PREVIEWS = YES;
				ENABLE_USER_SELECTED_FILES = readonly;
				GENERATE_INFOPLIST_FILE = YES;
				"INFOPLIST_KEY_UIApplicationSceneManifest_Generation[sdk=iphoneos*]" = YES;
				"INFOPLIST_KEY_UIApplicationSceneManifest_Generation[sdk=iphonesimulator*]" = YES;
				"INFOPLIST_KEY_UIApplicationSupportsIndirectInputEvents[sdk=iphoneos*]" = YES;
				"INFOPLIST_KEY_UIApplicationSupportsIndirectInputEvents[sdk=iphonesimulator*]" = YES;
				"INFOPLIST_KEY_UILaunchScreen_Generation[sdk=iphoneos*]" = YES;
				"INFOPLIST_KEY_UILaunchScreen_Generation[sdk=iphonesimulator*]" = YES;
				"INFOPLIST_KEY_UIStatusBarStyle[sdk=iphoneos*]" = UIStatusBarStyleDefault;
				"INFOPLIST_KEY_UIStatusBarStyle[sdk=iphonesimulator*]" = UIStatusBarStyleDefault;
				INFOPLIST_KEY_UISupportedInterfaceOrientations = UIInterfaceOrientationPortrait;
				IPHONEOS_DEPLOYMENT_TARGET = 26.0;
				LD_RUNPATH_SEARCH_PATHS = "@executable_path/Frameworks";
				"LD_RUNPATH_SEARCH_PATHS[sdk=macosx*]" = "@executable_path/../Frameworks";
				MACOSX_DEPLOYMENT_TARGET = 15.6;
				MARKETING_VERSION = 1.0;
				PRODUCT_BUNDLE_IDENTIFIER = name.MohamedKaid.introFoundationsModle;
				PRODUCT_NAME = "$(TARGET_NAME)";
				REGISTER_APP_GROUPS = YES;
				SDKROOT = auto;
				STRING_CATALOG_GENERATE_SYMBOLS = YES;
				SUPPORTED_PLATFORMS = "iphoneos iphonesimulator macosx xros xrsimulator";
				SWIFT_APPROACHABLE_CONCURRENCY = YES;
				SWIFT_DEFAULT_ACTOR_ISOLATION = MainActor;
				SWIFT_EMIT_LOC_STRINGS = YES;
				SWIFT_UPCOMING_FEATURE_MEMBER_IMPORT_VISIBILITY = YES;
				SWIFT_VERSION = 5.0;
				TARGETED_DEVICE_FAMILY = "1,2,7";
				XROS_DEPLOYMENT_TARGET = 26.0;
			};
			name = Release;
		};
		9DDC2B952ED09CA100E547AF /* Debug */ = {
			isa = XCBuildConfiguration;
			buildSettings = {
				BUNDLE_LOADER = "$(TEST_HOST)";
				CODE_SIGN_STYLE = Automatic;
				CURRENT_PROJECT_VERSION = 1;
				DEVELOPMENT_TEAM = 2A965J3JGT;
				GENERATE_INFOPLIST_FILE = YES;
				IPHONEOS_DEPLOYMENT_TARGET = 26.0;
				MACOSX_DEPLOYMENT_TARGET = 15.6;
				MARKETING_VERSION = 1.0;
				PRODUCT_BUNDLE_IDENTIFIER = name.MohamedKaid.introFoundationsModleTests;
				PRODUCT_NAME = "$(TARGET_NAME)";
				SDKROOT = auto;
				STRING_CATALOG_GENERATE_SYMBOLS = NO;
				SUPPORTED_PLATFORMS = "iphoneos iphonesimulator macosx xros xrsimulator";
				SWIFT_APPROACHABLE_CONCURRENCY = YES;
				SWIFT_EMIT_LOC_STRINGS = NO;
				SWIFT_UPCOMING_FEATURE_MEMBER_IMPORT_VISIBILITY = YES;
				SWIFT_VERSION = 5.0;
				TARGETED_DEVICE_FAMILY = "1,2,7";
				TEST_HOST = "$(BUILT_PRODUCTS_DIR)/introFoundationsModle.app/$(BUNDLE_EXECUTABLE_FOLDER_PATH)/introFoundationsModle";
				XROS_DEPLOYMENT_TARGET = 26.0;
			};
			name = Debug;
		};
		9DDC2B962ED09CA100E547AF /* Release */ = {
			isa = XCBuildConfiguration;
			buildSettings = {
				BUNDLE_LOADER = "$(TEST_HOST)";
				CODE_SIGN_STYLE = Automatic;
				CURRENT_PROJECT_VERSION = 1;
				DEVELOPMENT_TEAM = 2A965J3JGT;
				GENERATE_INFOPLIST_FILE = YES;
				IPHONEOS_DEPLOYMENT_TARGET = 26.0;
				MACOSX_DEPLOYMENT_TARGET = 15.6;
				MARKETING_VERSION = 1.0;
				PRODUCT_BUNDLE_IDENTIFIER = name.MohamedKaid.introFoundationsModleTests;
				PRODUCT_NAME = "$(TARGET_NAME)";
				SDKROOT = auto;
				STRING_CATALOG_GENERATE_SYMBOLS = NO;
				SUPPORTED_PLATFORMS = "iphoneos iphonesimulator macosx xros xrsimulator";
				SWIFT_APPROACHABLE_CONCURRENCY = YES;
				SWIFT_EMIT_LOC_STRINGS = NO;
				SWIFT_UPCOMING_FEATURE_MEMBER_IMPORT_VISIBILITY = YES;
				SWIFT_VERSION = 5.0;
				TARGETED_DEVICE_FAMILY = "1,2,7";
				TEST_HOST = "$(BUILT_PRODUCTS_DIR)/introFoundationsModle.app/$(BUNDLE_EXECUTABLE_FOLDER_PATH)/introFoundationsModle";
				XROS_DEPLOYMENT_TARGET = 26.0;
			};
			name = Release;
		};
		9DDC2B982ED09CA100E547AF /* Debug */ = {
			isa = XCBuildConfiguration;
			buildSettings = {
				CODE_SIGN_STYLE = Automatic;
				CURRENT_PROJECT_VERSION = 1;
				DEVELOPMENT_TEAM = 2A965J3JGT;
				GENERATE_INFOPLIST_FILE = YES;
				IPHONEOS_DEPLOYMENT_TARGET = 26.0;
				MACOSX_DEPLOYMENT_TARGET = 15.6;
				MARKETING_VERSION = 1.0;
				PRODUCT_BUNDLE_IDENTIFIER = name.MohamedKaid.introFoundationsModleUITests;
				PRODUCT_NAME = "$(TARGET_NAME)";
				SDKROOT = auto;
				STRING_CATALOG_GENERATE_SYMBOLS = NO;
				SUPPORTED_PLATFORMS = "iphoneos iphonesimulator macosx xros xrsimulator";
				SWIFT_APPROACHABLE_CONCURRENCY = YES;
				SWIFT_EMIT_LOC_STRINGS = NO;
				SWIFT_UPCOMING_FEATURE_MEMBER_IMPORT_VISIBILITY = YES;
				SWIFT_VERSION = 5.0;
				TARGETED_DEVICE_FAMILY = "1,2,7";
				TEST_TARGET_NAME = introFoundationsModle;
				XROS_DEPLOYMENT_TARGET = 26.0;
			};
			name = Debug;
		};
		9DDC2B992ED09CA100E547AF /* Release */ = {
			isa = XCBuildConfiguration;
			buildSettings = {
				CODE_SIGN_STYLE = Automatic;
				CURRENT_PROJECT_VERSION = 1;
				DEVELOPMENT_TEAM = 2A965J3JGT;
				GENERATE_INFOPLIST_FILE = YES;
				IPHONEOS_DEPLOYMENT_TARGET = 26.0;
				MACOSX_DEPLOYMENT_TARGET = 15.6;
				MARKETING_VERSION = 1.0;
				PRODUCT_BUNDLE_IDENTIFIER = name.MohamedKaid.introFoundationsModleUITests;
				PRODUCT_NAME = "$(TARGET_NAME)";
				SDKROOT = auto;
				STRING_CATALOG_GENERATE_SYMBOLS = NO;
				SUPPORTED_PLATFORMS = "iphoneos iphonesimulator macosx xros xrsimulator";
				SWIFT_APPROACHABLE_CONCURRENCY = YES;
				SWIFT_EMIT_LOC_STRINGS = NO;
				SWIFT_UPCOMING_FEATURE_MEMBER_IMPORT_VISIBILITY = YES;
				SWIFT_VERSION = 5.0;
				TARGETED_DEVICE_FAMILY = "1,2,7";
				TEST_TARGET_NAME = introFoundationsModle;
				XROS_DEPLOYMENT_TARGET = 26.0;
			};
			name = Release;
		};
/* End XCBuildConfiguration section */

/* Begin XCConfigurationList section */
		9DDC2B6B2ED09CA000E547AF /* Build configuration list for PBXProject "introFoundationsModle" */ = {
			isa = XCConfigurationList;
			buildConfigurations = (
				9DDC2B8F2ED09CA100E547AF /* Debug */,
				9DDC2B902ED09CA100E547AF /* Release */,
			);
			defaultConfigurationIsVisible = 0;
			defaultConfigurationName = Release;
		};
		9DDC2B912ED09CA100E547AF /* Build configuration list for PBXNativeTarget "introFoundationsModle" */ = {
			isa = XCConfigurationList;
			buildConfigurations = (
				9DDC2B922ED09CA100E547AF /* Debug */,
				9DDC2B932ED09CA100E547AF /* Release */,
			);
			defaultConfigurationIsVisible = 0;
			defaultConfigurationName = Release;
		};
		9DDC2B942ED09CA100E547AF /* Build configuration list for PBXNativeTarget "introFoundationsModleTests" */ = {
			isa = XCConfigurationList;
			buildConfigurations = (
				9DDC2B952ED09CA100E547AF /* Debug */,
				9DDC2B962ED09CA100E547AF /* Release */,
			);
			defaultConfigurationIsVisible = 0;
			defaultConfigurationName = Release;
		};
		9DDC2B972ED09CA100E547AF /* Build configuration list for PBXNativeTarget "introFoundationsModleUITests" */ = {
			isa = XCConfigurationList;
			buildConfigurations = (
				9DDC2B982ED09CA100E547AF /* Debug */,
				9DDC2B992ED09CA100E547AF /* Release */,
			);
			defaultConfigurationIsVisible = 0;
			defaultConfigurationName = Release;
		};
/* End XCConfigurationList section */

/* Begin XCRemoteSwiftPackageReference section */
		9DDC2B9D2ED0BAAD00E547AF /* XCRemoteSwiftPackageReference "lottie-ios" */ = {
			isa = XCRemoteSwiftPackageReference;
			repositoryURL = "https://github.com/airbnb/lottie-ios.git";
			requirement = {
				kind = upToNextMajorVersion;
				minimumVersion = 4.5.2;
			};
		};
/* End XCRemoteSwiftPackageReference section */

/* Begin XCSwiftPackageProductDependency section */
		9DDC2B9E2ED0BAAD00E547AF /* Lottie */ = {
			isa = XCSwiftPackageProductDependency;
			package = 9DDC2B9D2ED0BAAD00E547AF /* XCRemoteSwiftPackageReference "lottie-ios" */;
			productName = Lottie;
		};
/* End XCSwiftPackageProductDependency section */
	};
	rootObject = 9DDC2B682ED09CA000E547AF /* Project object */;
}
